
Microsoft Visual Studio Solution File, Format Version 12.00
# Visual Studio Version 17
VisualStudioVersion = 17.10.35013.160
MinimumVisualStudioVersion = 10.0.40219.1
Project("{9A19103F-16F7-4668-BE54-9A1E7A4F7556}") = "001_CalcLibrary", "001_CalcLibrary\001_CalcLibrary.csproj", "{BABC6C32-FA28-4B4E-AF09-63AE2E4DCE0A}"
EndProject
Project("{9A19103F-16F7-4668-BE54-9A1E7A4F7556}") = "002_CalcLibraryTest", "002_CalcLibraryTest\002_CalcLibraryTest.csproj", "{589DEA69-218B-4B6E-8828-3FEB74EF2856}"
EndProject
Project("{2150E333-8FDC-42A3-9474-1A3956D46DE8}") = "001 CalcLibrary", "001 CalcLibrary", "{5478AC85-3059-4BB2-9910-8496E88308BD}"
EndProject
Project("{2150E333-8FDC-42A3-9474-1A3956D46DE8}") = "002 UserRegistration", "002 UserRegistration", "{C229825F-23FC-4F4E-A4CC-7183918C4238}"
EndProject
Project("{9A19103F-16F7-4668-BE54-9A1E7A4F7556}") = "003_UserRegistration", "003_UserRegistration\003_UserRegistration.csproj", "{ECC008D1-6E37-4110-BC10-D3FECD9A8D6B}"
EndProject
Project("{9A19103F-16F7-4668-BE54-9A1E7A4F7556}") = "004_UserRegistrationTest", "004_UserRegistrationTest\004_UserRegistrationTest.csproj", "{11409FA5-7194-4D5E-A5D1-86FA7F93ED22}"
EndProject
Project("{2150E333-8FDC-42A3-9474-1A3956D46DE8}") = "003 ShoppingCart", "003 ShoppingCart", "{337E9741-ED97-484C-8341-D8AD3E4B2A1B}"
EndProject
Project("{9A19103F-16F7-4668-BE54-9A1E7A4F7556}") = "005_ShoppingCart", "005_ShoppingCart\005_ShoppingCart.csproj", "{764B0754-12D1-4C53-B3C0-EA4E635C6867}"
EndProject
Project("{9A19103F-16F7-4668-BE54-9A1E7A4F7556}") = "006_ShoppingCartTest", "006_ShoppingCartTest\006_ShoppingCartTest.csproj", "{5E515C77-7AFB-4256-8AC2-C6922AEA60F3}"
EndProject
Project("{2150E333-8FDC-42A3-9474-1A3956D46DE8}") = "004 AssertSamples", "004 AssertSamples", "{AE1CE152-FD66-433C-BC32-8EC1A188BDA5}"
EndProject
Project("{9A19103F-16F7-4668-BE54-9A1E7A4F7556}") = "007_AssertSamples", "007_AssertSamples\007_AssertSamples.csproj", "{AC7BB6F1-86EA-40A1-9359-C624EF19B692}"
EndProject
Project("{9A19103F-16F7-4668-BE54-9A1E7A4F7556}") = "008_AssertSamplesTest", "008_AssertSamplesTest\008_AssertSamplesTest.csproj", "{52F7A310-038A-427E-8D33-7B161664201C}"
EndProject
Project("{2150E333-8FDC-42A3-9474-1A3956D46DE8}") = "005 AccountService", "005 AccountService", "{9DFEE9EA-361A-4106-AD40-11D0ED09A18D}"
EndProject
Project("{9A19103F-16F7-4668-BE54-9A1E7A4F7556}") = "009_AccountService", "009_AccountService\009_AccountService.csproj", "{73847B7C-DBCF-4497-A935-8C4BDFECABD8}"
EndProject
Project("{9A19103F-16F7-4668-BE54-9A1E7A4F7556}") = "010_AccountServiceTests", "010_AccountServiceTests\010_AccountServiceTests.csproj", "{BF36BD09-760C-402F-8A69-C12815122225}"
EndProject
Project("{2150E333-8FDC-42A3-9474-1A3956D46DE8}") = "006 STUB Problem", "006 STUB Problem", "{B424B929-93E3-4070-8980-3EF8A8317D47}"
EndProject
Project("{9A19103F-16F7-4668-BE54-9A1E7A4F7556}") = "011_Problem", "011_Problem\011_Problem.csproj", "{0BD96517-2D06-4C0E-AC46-7B0AAEC400ED}"
EndProject
Project("{9A19103F-16F7-4668-BE54-9A1E7A4F7556}") = "012_ProblemTest", "012_ProblemTest\012_ProblemTest.csproj", "{A289D96F-F070-40D7-9BD6-9400B70098DC}"
EndProject
Project("{2150E333-8FDC-42A3-9474-1A3956D46DE8}") = "007 STUB ConstructorInjection", "007 STUB ConstructorInjection", "{D822A734-143C-4105-B51A-D462F19B6A42}"
EndProject
Project("{9A19103F-16F7-4668-BE54-9A1E7A4F7556}") = "013_ConstructorInjection", "013_ConstructorInjection\013_ConstructorInjection.csproj", "{5A878B49-CBCB-4769-BB03-A9840B944468}"
EndProject
Project("{9A19103F-16F7-4668-BE54-9A1E7A4F7556}") = "014_ConstructorInjectionTest", "014_ConstructorInjectionTest\014_ConstructorInjectionTest.csproj", "{A7EFCD32-2074-4BEA-BC48-32CC0CCD0729}"
EndProject
Project("{2150E333-8FDC-42A3-9474-1A3956D46DE8}") = "008 STUB PropertyInjection", "008 STUB PropertyInjection", "{AA7C3B66-2AA9-4752-8C9D-868C17A9F7A4}"
EndProject
Project("{9A19103F-16F7-4668-BE54-9A1E7A4F7556}") = "015_PropertyInjection", "015_PropertyInjection\015_PropertyInjection.csproj", "{10D0EAC9-A63D-4364-9A81-AFC5285AB9C0}"
EndProject
Project("{9A19103F-16F7-4668-BE54-9A1E7A4F7556}") = "016_PropertyInjectionTest", "016_PropertyInjectionTest\016_PropertyInjectionTest.csproj", "{EAF9E76B-728D-4C31-9BEE-580E1C520AA9}"
EndProject
Project("{2150E333-8FDC-42A3-9474-1A3956D46DE8}") = "009 STUB InterfaceInjection", "009 STUB InterfaceInjection", "{83197BEE-F104-45D1-9435-925D0421B9BD}"
EndProject
Project("{9A19103F-16F7-4668-BE54-9A1E7A4F7556}") = "017_InterfaceInjection", "017_InterfaceInjection\017_InterfaceInjection.csproj", "{230F2EDC-FA6C-4624-8D82-92EC9E5A0AFB}"
EndProject
Project("{9A19103F-16F7-4668-BE54-9A1E7A4F7556}") = "018_InterfaceInjectionTest", "018_InterfaceInjectionTest\018_InterfaceInjectionTest.csproj", "{25CBE164-AC36-4EFB-BBDB-5C56AAAF6732}"
EndProject
Project("{2150E333-8FDC-42A3-9474-1A3956D46DE8}") = "010 STUB LocalFactoryMethod", "010 STUB LocalFactoryMethod", "{07B7BD10-058B-4A36-94DB-1D5059900A20}"
EndProject
Project("{9A19103F-16F7-4668-BE54-9A1E7A4F7556}") = "019_LocalFactoryMethod", "019_LocalFactoryMethod\019_LocalFactoryMethod.csproj", "{7962AC6A-9467-4AC6-B2EC-B2AB94A7701A}"
EndProject
Project("{9A19103F-16F7-4668-BE54-9A1E7A4F7556}") = "020_LocalFactoryMethodTest", "020_LocalFactoryMethodTest\020_LocalFactoryMethodTest.csproj", "{60A93E22-57F5-4418-9FB9-55720DD38E0A}"
EndProject
Project("{2150E333-8FDC-42A3-9474-1A3956D46DE8}") = "011 STUB with Moq & NSubstitute", "011 STUB with Moq & NSubstitute", "{48ED309D-E014-4965-9185-AE7BD00737DF}"
EndProject
Project("{9A19103F-16F7-4668-BE54-9A1E7A4F7556}") = "021_ConstrInjectionWithMoq", "021_ConstrInjectionWithMoq\021_ConstrInjectionWithMoq.csproj", "{21FD9180-C583-4C74-B6A9-BAFE766D8B58}"
EndProject
Project("{9A19103F-16F7-4668-BE54-9A1E7A4F7556}") = "022_ConstrInjectWithMoqTest", "022_ConstrInjectWithMoqTest\022_ConstrInjectWithMoqTest.csproj", "{AD42D20D-1A77-4165-B0AC-39C8AACE39AA}"
EndProject
Project("{9A19103F-16F7-4668-BE54-9A1E7A4F7556}") = "023_ConstrInjectWithNsuTest", "023_ConstrInjectWithNsuTest\023_ConstrInjectWithNsuTest.csproj", "{DA538854-70EB-4BFB-8195-9958EBF1949F}"
EndProject
Project("{2150E333-8FDC-42A3-9474-1A3956D46DE8}") = "012 Moq LoggingLibrary", "012 Moq LoggingLibrary", "{7BF48185-03E3-4928-A652-D7EAD364B95D}"
EndProject
Project("{9A19103F-16F7-4668-BE54-9A1E7A4F7556}") = "024_LoggingLibrary", "024_LoggingLibrary\024_LoggingLibrary.csproj", "{B489CD0C-AE49-4619-B5D8-A8E8CA3542EA}"
EndProject
Project("{9A19103F-16F7-4668-BE54-9A1E7A4F7556}") = "025_LoggingLibraryTest", "025_LoggingLibrary\025_LoggingLibraryTest.csproj", "{E249C1D5-9564-47B9-B339-6BC180753005}"
EndProject
Project("{9A19103F-16F7-4668-BE54-9A1E7A4F7556}") = "026_LoggingLibraryMockTest", "026_LoggingLibraryMockTest\026_LoggingLibraryMockTest.csproj", "{2D1E7B70-8CF0-4AE0-B9E9-CEB271F92476}"
EndProject
Project("{9A19103F-16F7-4668-BE54-9A1E7A4F7556}") = "027_LoggingLibrarySubsTest", "027_LoggingLibrarySubsTest\027_LoggingLibrarySubsTest.csproj", "{DD23CEC0-FA60-4E2D-938A-279A89C4EA80}"
EndProject
Project("{2150E333-8FDC-42A3-9474-1A3956D46DE8}") = "013 Moq Simple Verification", "013 Moq Simple Verification", "{337E44CF-EB90-4BCA-AA48-A10C528C0B03}"
EndProject
Project("{9A19103F-16F7-4668-BE54-9A1E7A4F7556}") = "028_CustomerServiceLibrary", "028_CustomerServiceLibrary\028_CustomerServiceLibrary.csproj", "{278EA243-64F9-409B-BFB3-A1B0A6629514}"
EndProject
Project("{9A19103F-16F7-4668-BE54-9A1E7A4F7556}") = "029_CustomerServiceLibraTest", "029_CustomerServiceLibraTest\029_CustomerServiceLibraTest.csproj", "{982688E2-B356-448A-A5EE-F92DF041DDC5}"
EndProject
Project("{2150E333-8FDC-42A3-9474-1A3956D46DE8}") = "014 Moq Return Verification", "014 Moq Return Verification", "{BED4B370-D247-40F8-AD14-C1D46046633D}"
EndProject
Project("{9A19103F-16F7-4668-BE54-9A1E7A4F7556}") = "030_CustomerServiceLibrary", "029_CustomerServiceLibrary\030_CustomerServiceLibrary.csproj", "{657CDFCA-BF8D-46A8-8F28-4C3C0A518D88}"
EndProject
Project("{9A19103F-16F7-4668-BE54-9A1E7A4F7556}") = "031_CustomerServiceLibraTest", "031_CustomerServiceLibraTest\031_CustomerServiceLibraTest.csproj", "{A488CE46-7AAD-40D7-8F91-0467061825F0}"
EndProject
Project("{9A19103F-16F7-4668-BE54-9A1E7A4F7556}") = "032_CustomerServiceLibNsTest", "032_CustomerServiceLibNsTest\032_CustomerServiceLibNsTest.csproj", "{57564F50-34DC-477A-A223-8E95486D2EE3}"
EndProject
Project("{2150E333-8FDC-42A3-9474-1A3956D46DE8}") = "015 InMemory Cosmos Test", "015 InMemory Cosmos Test", "{38B489F4-0D7A-4BDA-BE15-70E825EACC18}"
EndProject
Project("{9A19103F-16F7-4668-BE54-9A1E7A4F7556}") = "033_InMemory_Cosmos", "033_InMemory_Cosmos\033_InMemory_Cosmos.csproj", "{B87FCA67-8F5B-4DE9-8561-A7EAE6DBE153}"
EndProject
Project("{9A19103F-16F7-4668-BE54-9A1E7A4F7556}") = "034_InMemory_CosmosTest", "034_InMemory_CosmosTest\034_InMemory_CosmosTest.csproj", "{92288734-3293-4977-8816-6441743E467B}"
EndProject
Project("{2150E333-8FDC-42A3-9474-1A3956D46DE8}") = "016 Console Test", "016 Console Test", "{43A05960-9335-45EE-AE02-08DC46405CF4}"
EndProject
Project("{FAE04EC0-301F-11D3-BF4B-00C04F79EFBC}") = "034_Console", "034_Console_Test\034_Console.csproj", "{23CA0214-3839-48B9-B3C5-EDCD078E51BB}"
EndProject
Project("{FAE04EC0-301F-11D3-BF4B-00C04F79EFBC}") = "035_ConsoleTest", "035_ConsoleTest\035_ConsoleTest.csproj", "{85559561-11BA-43CF-95D3-A06C6BE9C818}"
EndProject
Global
	GlobalSection(SolutionConfigurationPlatforms) = preSolution
		Debug|Any CPU = Debug|Any CPU
		Release|Any CPU = Release|Any CPU
	EndGlobalSection
	GlobalSection(ProjectConfigurationPlatforms) = postSolution
		{BABC6C32-FA28-4B4E-AF09-63AE2E4DCE0A}.Debug|Any CPU.ActiveCfg = Debug|Any CPU
		{BABC6C32-FA28-4B4E-AF09-63AE2E4DCE0A}.Debug|Any CPU.Build.0 = Debug|Any CPU
		{BABC6C32-FA28-4B4E-AF09-63AE2E4DCE0A}.Release|Any CPU.ActiveCfg = Release|Any CPU
		{BABC6C32-FA28-4B4E-AF09-63AE2E4DCE0A}.Release|Any CPU.Build.0 = Release|Any CPU
		{589DEA69-218B-4B6E-8828-3FEB74EF2856}.Debug|Any CPU.ActiveCfg = Debug|Any CPU
		{589DEA69-218B-4B6E-8828-3FEB74EF2856}.Debug|Any CPU.Build.0 = Debug|Any CPU
		{589DEA69-218B-4B6E-8828-3FEB74EF2856}.Release|Any CPU.ActiveCfg = Release|Any CPU
		{589DEA69-218B-4B6E-8828-3FEB74EF2856}.Release|Any CPU.Build.0 = Release|Any CPU
		{ECC008D1-6E37-4110-BC10-D3FECD9A8D6B}.Debug|Any CPU.ActiveCfg = Debug|Any CPU
		{ECC008D1-6E37-4110-BC10-D3FECD9A8D6B}.Debug|Any CPU.Build.0 = Debug|Any CPU
		{ECC008D1-6E37-4110-BC10-D3FECD9A8D6B}.Release|Any CPU.ActiveCfg = Release|Any CPU
		{ECC008D1-6E37-4110-BC10-D3FECD9A8D6B}.Release|Any CPU.Build.0 = Release|Any CPU
		{11409FA5-7194-4D5E-A5D1-86FA7F93ED22}.Debug|Any CPU.ActiveCfg = Debug|Any CPU
		{11409FA5-7194-4D5E-A5D1-86FA7F93ED22}.Debug|Any CPU.Build.0 = Debug|Any CPU
		{11409FA5-7194-4D5E-A5D1-86FA7F93ED22}.Release|Any CPU.ActiveCfg = Release|Any CPU
		{11409FA5-7194-4D5E-A5D1-86FA7F93ED22}.Release|Any CPU.Build.0 = Release|Any CPU
		{764B0754-12D1-4C53-B3C0-EA4E635C6867}.Debug|Any CPU.ActiveCfg = Debug|Any CPU
		{764B0754-12D1-4C53-B3C0-EA4E635C6867}.Debug|Any CPU.Build.0 = Debug|Any CPU
		{764B0754-12D1-4C53-B3C0-EA4E635C6867}.Release|Any CPU.ActiveCfg = Release|Any CPU
		{764B0754-12D1-4C53-B3C0-EA4E635C6867}.Release|Any CPU.Build.0 = Release|Any CPU
		{5E515C77-7AFB-4256-8AC2-C6922AEA60F3}.Debug|Any CPU.ActiveCfg = Debug|Any CPU
		{5E515C77-7AFB-4256-8AC2-C6922AEA60F3}.Debug|Any CPU.Build.0 = Debug|Any CPU
		{5E515C77-7AFB-4256-8AC2-C6922AEA60F3}.Release|Any CPU.ActiveCfg = Release|Any CPU
		{5E515C77-7AFB-4256-8AC2-C6922AEA60F3}.Release|Any CPU.Build.0 = Release|Any CPU
		{AC7BB6F1-86EA-40A1-9359-C624EF19B692}.Debug|Any CPU.ActiveCfg = Debug|Any CPU
		{AC7BB6F1-86EA-40A1-9359-C624EF19B692}.Debug|Any CPU.Build.0 = Debug|Any CPU
		{AC7BB6F1-86EA-40A1-9359-C624EF19B692}.Release|Any CPU.ActiveCfg = Release|Any CPU
		{AC7BB6F1-86EA-40A1-9359-C624EF19B692}.Release|Any CPU.Build.0 = Release|Any CPU
		{52F7A310-038A-427E-8D33-7B161664201C}.Debug|Any CPU.ActiveCfg = Debug|Any CPU
		{52F7A310-038A-427E-8D33-7B161664201C}.Debug|Any CPU.Build.0 = Debug|Any CPU
		{52F7A310-038A-427E-8D33-7B161664201C}.Release|Any CPU.ActiveCfg = Release|Any CPU
		{52F7A310-038A-427E-8D33-7B161664201C}.Release|Any CPU.Build.0 = Release|Any CPU
		{73847B7C-DBCF-4497-A935-8C4BDFECABD8}.Debug|Any CPU.ActiveCfg = Debug|Any CPU
		{73847B7C-DBCF-4497-A935-8C4BDFECABD8}.Debug|Any CPU.Build.0 = Debug|Any CPU
		{73847B7C-DBCF-4497-A935-8C4BDFECABD8}.Release|Any CPU.ActiveCfg = Release|Any CPU
		{73847B7C-DBCF-4497-A935-8C4BDFECABD8}.Release|Any CPU.Build.0 = Release|Any CPU
		{BF36BD09-760C-402F-8A69-C12815122225}.Debug|Any CPU.ActiveCfg = Debug|Any CPU
		{BF36BD09-760C-402F-8A69-C12815122225}.Debug|Any CPU.Build.0 = Debug|Any CPU
		{BF36BD09-760C-402F-8A69-C12815122225}.Release|Any CPU.ActiveCfg = Release|Any CPU
		{BF36BD09-760C-402F-8A69-C12815122225}.Release|Any CPU.Build.0 = Release|Any CPU
		{0BD96517-2D06-4C0E-AC46-7B0AAEC400ED}.Debug|Any CPU.ActiveCfg = Debug|Any CPU
		{0BD96517-2D06-4C0E-AC46-7B0AAEC400ED}.Debug|Any CPU.Build.0 = Debug|Any CPU
		{0BD96517-2D06-4C0E-AC46-7B0AAEC400ED}.Release|Any CPU.ActiveCfg = Release|Any CPU
		{0BD96517-2D06-4C0E-AC46-7B0AAEC400ED}.Release|Any CPU.Build.0 = Release|Any CPU
		{A289D96F-F070-40D7-9BD6-9400B70098DC}.Debug|Any CPU.ActiveCfg = Debug|Any CPU
		{A289D96F-F070-40D7-9BD6-9400B70098DC}.Debug|Any CPU.Build.0 = Debug|Any CPU
		{A289D96F-F070-40D7-9BD6-9400B70098DC}.Release|Any CPU.ActiveCfg = Release|Any CPU
		{A289D96F-F070-40D7-9BD6-9400B70098DC}.Release|Any CPU.Build.0 = Release|Any CPU
		{5A878B49-CBCB-4769-BB03-A9840B944468}.Debug|Any CPU.ActiveCfg = Debug|Any CPU
		{5A878B49-CBCB-4769-BB03-A9840B944468}.Debug|Any CPU.Build.0 = Debug|Any CPU
		{5A878B49-CBCB-4769-BB03-A9840B944468}.Release|Any CPU.ActiveCfg = Release|Any CPU
		{5A878B49-CBCB-4769-BB03-A9840B944468}.Release|Any CPU.Build.0 = Release|Any CPU
		{A7EFCD32-2074-4BEA-BC48-32CC0CCD0729}.Debug|Any CPU.ActiveCfg = Debug|Any CPU
		{A7EFCD32-2074-4BEA-BC48-32CC0CCD0729}.Debug|Any CPU.Build.0 = Debug|Any CPU
		{A7EFCD32-2074-4BEA-BC48-32CC0CCD0729}.Release|Any CPU.ActiveCfg = Release|Any CPU
		{A7EFCD32-2074-4BEA-BC48-32CC0CCD0729}.Release|Any CPU.Build.0 = Release|Any CPU
		{10D0EAC9-A63D-4364-9A81-AFC5285AB9C0}.Debug|Any CPU.ActiveCfg = Debug|Any CPU
		{10D0EAC9-A63D-4364-9A81-AFC5285AB9C0}.Debug|Any CPU.Build.0 = Debug|Any CPU
		{10D0EAC9-A63D-4364-9A81-AFC5285AB9C0}.Release|Any CPU.ActiveCfg = Release|Any CPU
		{10D0EAC9-A63D-4364-9A81-AFC5285AB9C0}.Release|Any CPU.Build.0 = Release|Any CPU
		{EAF9E76B-728D-4C31-9BEE-580E1C520AA9}.Debug|Any CPU.ActiveCfg = Debug|Any CPU
		{EAF9E76B-728D-4C31-9BEE-580E1C520AA9}.Debug|Any CPU.Build.0 = Debug|Any CPU
		{EAF9E76B-728D-4C31-9BEE-580E1C520AA9}.Release|Any CPU.ActiveCfg = Release|Any CPU
		{EAF9E76B-728D-4C31-9BEE-580E1C520AA9}.Release|Any CPU.Build.0 = Release|Any CPU
		{230F2EDC-FA6C-4624-8D82-92EC9E5A0AFB}.Debug|Any CPU.ActiveCfg = Debug|Any CPU
		{230F2EDC-FA6C-4624-8D82-92EC9E5A0AFB}.Debug|Any CPU.Build.0 = Debug|Any CPU
		{230F2EDC-FA6C-4624-8D82-92EC9E5A0AFB}.Release|Any CPU.ActiveCfg = Release|Any CPU
		{230F2EDC-FA6C-4624-8D82-92EC9E5A0AFB}.Release|Any CPU.Build.0 = Release|Any CPU
		{25CBE164-AC36-4EFB-BBDB-5C56AAAF6732}.Debug|Any CPU.ActiveCfg = Debug|Any CPU
		{25CBE164-AC36-4EFB-BBDB-5C56AAAF6732}.Debug|Any CPU.Build.0 = Debug|Any CPU
		{25CBE164-AC36-4EFB-BBDB-5C56AAAF6732}.Release|Any CPU.ActiveCfg = Release|Any CPU
		{25CBE164-AC36-4EFB-BBDB-5C56AAAF6732}.Release|Any CPU.Build.0 = Release|Any CPU
		{7962AC6A-9467-4AC6-B2EC-B2AB94A7701A}.Debug|Any CPU.ActiveCfg = Debug|Any CPU
		{7962AC6A-9467-4AC6-B2EC-B2AB94A7701A}.Debug|Any CPU.Build.0 = Debug|Any CPU
		{7962AC6A-9467-4AC6-B2EC-B2AB94A7701A}.Release|Any CPU.ActiveCfg = Release|Any CPU
		{7962AC6A-9467-4AC6-B2EC-B2AB94A7701A}.Release|Any CPU.Build.0 = Release|Any CPU
		{60A93E22-57F5-4418-9FB9-55720DD38E0A}.Debug|Any CPU.ActiveCfg = Debug|Any CPU
		{60A93E22-57F5-4418-9FB9-55720DD38E0A}.Debug|Any CPU.Build.0 = Debug|Any CPU
		{60A93E22-57F5-4418-9FB9-55720DD38E0A}.Release|Any CPU.ActiveCfg = Release|Any CPU
		{60A93E22-57F5-4418-9FB9-55720DD38E0A}.Release|Any CPU.Build.0 = Release|Any CPU
		{21FD9180-C583-4C74-B6A9-BAFE766D8B58}.Debug|Any CPU.ActiveCfg = Debug|Any CPU
		{21FD9180-C583-4C74-B6A9-BAFE766D8B58}.Debug|Any CPU.Build.0 = Debug|Any CPU
		{21FD9180-C583-4C74-B6A9-BAFE766D8B58}.Release|Any CPU.ActiveCfg = Release|Any CPU
		{21FD9180-C583-4C74-B6A9-BAFE766D8B58}.Release|Any CPU.Build.0 = Release|Any CPU
		{AD42D20D-1A77-4165-B0AC-39C8AACE39AA}.Debug|Any CPU.ActiveCfg = Debug|Any CPU
		{AD42D20D-1A77-4165-B0AC-39C8AACE39AA}.Debug|Any CPU.Build.0 = Debug|Any CPU
		{AD42D20D-1A77-4165-B0AC-39C8AACE39AA}.Release|Any CPU.ActiveCfg = Release|Any CPU
		{AD42D20D-1A77-4165-B0AC-39C8AACE39AA}.Release|Any CPU.Build.0 = Release|Any CPU
		{DA538854-70EB-4BFB-8195-9958EBF1949F}.Debug|Any CPU.ActiveCfg = Debug|Any CPU
		{DA538854-70EB-4BFB-8195-9958EBF1949F}.Debug|Any CPU.Build.0 = Debug|Any CPU
		{DA538854-70EB-4BFB-8195-9958EBF1949F}.Release|Any CPU.ActiveCfg = Release|Any CPU
		{DA538854-70EB-4BFB-8195-9958EBF1949F}.Release|Any CPU.Build.0 = Release|Any CPU
		{B489CD0C-AE49-4619-B5D8-A8E8CA3542EA}.Debug|Any CPU.ActiveCfg = Debug|Any CPU
		{B489CD0C-AE49-4619-B5D8-A8E8CA3542EA}.Debug|Any CPU.Build.0 = Debug|Any CPU
		{B489CD0C-AE49-4619-B5D8-A8E8CA3542EA}.Release|Any CPU.ActiveCfg = Release|Any CPU
		{B489CD0C-AE49-4619-B5D8-A8E8CA3542EA}.Release|Any CPU.Build.0 = Release|Any CPU
		{E249C1D5-9564-47B9-B339-6BC180753005}.Debug|Any CPU.ActiveCfg = Debug|Any CPU
		{E249C1D5-9564-47B9-B339-6BC180753005}.Debug|Any CPU.Build.0 = Debug|Any CPU
		{E249C1D5-9564-47B9-B339-6BC180753005}.Release|Any CPU.ActiveCfg = Release|Any CPU
		{E249C1D5-9564-47B9-B339-6BC180753005}.Release|Any CPU.Build.0 = Release|Any CPU
		{2D1E7B70-8CF0-4AE0-B9E9-CEB271F92476}.Debug|Any CPU.ActiveCfg = Debug|Any CPU
		{2D1E7B70-8CF0-4AE0-B9E9-CEB271F92476}.Debug|Any CPU.Build.0 = Debug|Any CPU
		{2D1E7B70-8CF0-4AE0-B9E9-CEB271F92476}.Release|Any CPU.ActiveCfg = Release|Any CPU
		{2D1E7B70-8CF0-4AE0-B9E9-CEB271F92476}.Release|Any CPU.Build.0 = Release|Any CPU
		{DD23CEC0-FA60-4E2D-938A-279A89C4EA80}.Debug|Any CPU.ActiveCfg = Debug|Any CPU
		{DD23CEC0-FA60-4E2D-938A-279A89C4EA80}.Debug|Any CPU.Build.0 = Debug|Any CPU
		{DD23CEC0-FA60-4E2D-938A-279A89C4EA80}.Release|Any CPU.ActiveCfg = Release|Any CPU
		{DD23CEC0-FA60-4E2D-938A-279A89C4EA80}.Release|Any CPU.Build.0 = Release|Any CPU
		{278EA243-64F9-409B-BFB3-A1B0A6629514}.Debug|Any CPU.ActiveCfg = Debug|Any CPU
		{278EA243-64F9-409B-BFB3-A1B0A6629514}.Debug|Any CPU.Build.0 = Debug|Any CPU
		{278EA243-64F9-409B-BFB3-A1B0A6629514}.Release|Any CPU.ActiveCfg = Release|Any CPU
		{278EA243-64F9-409B-BFB3-A1B0A6629514}.Release|Any CPU.Build.0 = Release|Any CPU
		{982688E2-B356-448A-A5EE-F92DF041DDC5}.Debug|Any CPU.ActiveCfg = Debug|Any CPU
		{982688E2-B356-448A-A5EE-F92DF041DDC5}.Debug|Any CPU.Build.0 = Debug|Any CPU
		{982688E2-B356-448A-A5EE-F92DF041DDC5}.Release|Any CPU.ActiveCfg = Release|Any CPU
		{982688E2-B356-448A-A5EE-F92DF041DDC5}.Release|Any CPU.Build.0 = Release|Any CPU
		{657CDFCA-BF8D-46A8-8F28-4C3C0A518D88}.Debug|Any CPU.ActiveCfg = Debug|Any CPU
		{657CDFCA-BF8D-46A8-8F28-4C3C0A518D88}.Debug|Any CPU.Build.0 = Debug|Any CPU
		{657CDFCA-BF8D-46A8-8F28-4C3C0A518D88}.Release|Any CPU.ActiveCfg = Release|Any CPU
		{657CDFCA-BF8D-46A8-8F28-4C3C0A518D88}.Release|Any CPU.Build.0 = Release|Any CPU
		{A488CE46-7AAD-40D7-8F91-0467061825F0}.Debug|Any CPU.ActiveCfg = Debug|Any CPU
		{A488CE46-7AAD-40D7-8F91-0467061825F0}.Debug|Any CPU.Build.0 = Debug|Any CPU
		{A488CE46-7AAD-40D7-8F91-0467061825F0}.Release|Any CPU.ActiveCfg = Release|Any CPU
		{A488CE46-7AAD-40D7-8F91-0467061825F0}.Release|Any CPU.Build.0 = Release|Any CPU
		{57564F50-34DC-477A-A223-8E95486D2EE3}.Debug|Any CPU.ActiveCfg = Debug|Any CPU
		{57564F50-34DC-477A-A223-8E95486D2EE3}.Debug|Any CPU.Build.0 = Debug|Any CPU
		{57564F50-34DC-477A-A223-8E95486D2EE3}.Release|Any CPU.ActiveCfg = Release|Any CPU
		{57564F50-34DC-477A-A223-8E95486D2EE3}.Release|Any CPU.Build.0 = Release|Any CPU
		{B87FCA67-8F5B-4DE9-8561-A7EAE6DBE153}.Debug|Any CPU.ActiveCfg = Debug|Any CPU
		{B87FCA67-8F5B-4DE9-8561-A7EAE6DBE153}.Debug|Any CPU.Build.0 = Debug|Any CPU
		{B87FCA67-8F5B-4DE9-8561-A7EAE6DBE153}.Release|Any CPU.ActiveCfg = Release|Any CPU
		{B87FCA67-8F5B-4DE9-8561-A7EAE6DBE153}.Release|Any CPU.Build.0 = Release|Any CPU
		{92288734-3293-4977-8816-6441743E467B}.Debug|Any CPU.ActiveCfg = Debug|Any CPU
		{92288734-3293-4977-8816-6441743E467B}.Debug|Any CPU.Build.0 = Debug|Any CPU
		{92288734-3293-4977-8816-6441743E467B}.Release|Any CPU.ActiveCfg = Release|Any CPU
		{92288734-3293-4977-8816-6441743E467B}.Release|Any CPU.Build.0 = Release|Any CPU
		{23CA0214-3839-48B9-B3C5-EDCD078E51BB}.Debug|Any CPU.ActiveCfg = Debug|Any CPU
		{23CA0214-3839-48B9-B3C5-EDCD078E51BB}.Debug|Any CPU.Build.0 = Debug|Any CPU
		{23CA0214-3839-48B9-B3C5-EDCD078E51BB}.Release|Any CPU.ActiveCfg = Release|Any CPU
		{23CA0214-3839-48B9-B3C5-EDCD078E51BB}.Release|Any CPU.Build.0 = Release|Any CPU
		{85559561-11BA-43CF-95D3-A06C6BE9C818}.Debug|Any CPU.ActiveCfg = Debug|Any CPU
		{85559561-11BA-43CF-95D3-A06C6BE9C818}.Debug|Any CPU.Build.0 = Debug|Any CPU
		{85559561-11BA-43CF-95D3-A06C6BE9C818}.Release|Any CPU.ActiveCfg = Release|Any CPU
		{85559561-11BA-43CF-95D3-A06C6BE9C818}.Release|Any CPU.Build.0 = Release|Any CPU
	EndGlobalSection
	GlobalSection(SolutionProperties) = preSolution
		HideSolutionNode = FALSE
	EndGlobalSection
	GlobalSection(NestedProjects) = preSolution
		{BABC6C32-FA28-4B4E-AF09-63AE2E4DCE0A} = {5478AC85-3059-4BB2-9910-8496E88308BD}
		{589DEA69-218B-4B6E-8828-3FEB74EF2856} = {5478AC85-3059-4BB2-9910-8496E88308BD}
		{ECC008D1-6E37-4110-BC10-D3FECD9A8D6B} = {C229825F-23FC-4F4E-A4CC-7183918C4238}
		{11409FA5-7194-4D5E-A5D1-86FA7F93ED22} = {C229825F-23FC-4F4E-A4CC-7183918C4238}
		{764B0754-12D1-4C53-B3C0-EA4E635C6867} = {337E9741-ED97-484C-8341-D8AD3E4B2A1B}
		{5E515C77-7AFB-4256-8AC2-C6922AEA60F3} = {337E9741-ED97-484C-8341-D8AD3E4B2A1B}
		{AC7BB6F1-86EA-40A1-9359-C624EF19B692} = {AE1CE152-FD66-433C-BC32-8EC1A188BDA5}
		{52F7A310-038A-427E-8D33-7B161664201C} = {AE1CE152-FD66-433C-BC32-8EC1A188BDA5}
		{73847B7C-DBCF-4497-A935-8C4BDFECABD8} = {9DFEE9EA-361A-4106-AD40-11D0ED09A18D}
		{BF36BD09-760C-402F-8A69-C12815122225} = {9DFEE9EA-361A-4106-AD40-11D0ED09A18D}
		{0BD96517-2D06-4C0E-AC46-7B0AAEC400ED} = {B424B929-93E3-4070-8980-3EF8A8317D47}
		{A289D96F-F070-40D7-9BD6-9400B70098DC} = {B424B929-93E3-4070-8980-3EF8A8317D47}
		{5A878B49-CBCB-4769-BB03-A9840B944468} = {D822A734-143C-4105-B51A-D462F19B6A42}
		{A7EFCD32-2074-4BEA-BC48-32CC0CCD0729} = {D822A734-143C-4105-B51A-D462F19B6A42}
		{10D0EAC9-A63D-4364-9A81-AFC5285AB9C0} = {AA7C3B66-2AA9-4752-8C9D-868C17A9F7A4}
		{EAF9E76B-728D-4C31-9BEE-580E1C520AA9} = {AA7C3B66-2AA9-4752-8C9D-868C17A9F7A4}
		{230F2EDC-FA6C-4624-8D82-92EC9E5A0AFB} = {83197BEE-F104-45D1-9435-925D0421B9BD}
		{25CBE164-AC36-4EFB-BBDB-5C56AAAF6732} = {83197BEE-F104-45D1-9435-925D0421B9BD}
		{7962AC6A-9467-4AC6-B2EC-B2AB94A7701A} = {07B7BD10-058B-4A36-94DB-1D5059900A20}
		{60A93E22-57F5-4418-9FB9-55720DD38E0A} = {07B7BD10-058B-4A36-94DB-1D5059900A20}
		{21FD9180-C583-4C74-B6A9-BAFE766D8B58} = {48ED309D-E014-4965-9185-AE7BD00737DF}
		{AD42D20D-1A77-4165-B0AC-39C8AACE39AA} = {48ED309D-E014-4965-9185-AE7BD00737DF}
		{DA538854-70EB-4BFB-8195-9958EBF1949F} = {48ED309D-E014-4965-9185-AE7BD00737DF}
		{B489CD0C-AE49-4619-B5D8-A8E8CA3542EA} = {7BF48185-03E3-4928-A652-D7EAD364B95D}
		{E249C1D5-9564-47B9-B339-6BC180753005} = {7BF48185-03E3-4928-A652-D7EAD364B95D}
		{2D1E7B70-8CF0-4AE0-B9E9-CEB271F92476} = {7BF48185-03E3-4928-A652-D7EAD364B95D}
		{DD23CEC0-FA60-4E2D-938A-279A89C4EA80} = {7BF48185-03E3-4928-A652-D7EAD364B95D}
		{278EA243-64F9-409B-BFB3-A1B0A6629514} = {337E44CF-EB90-4BCA-AA48-A10C528C0B03}
		{982688E2-B356-448A-A5EE-F92DF041DDC5} = {337E44CF-EB90-4BCA-AA48-A10C528C0B03}
		{657CDFCA-BF8D-46A8-8F28-4C3C0A518D88} = {BED4B370-D247-40F8-AD14-C1D46046633D}
		{A488CE46-7AAD-40D7-8F91-0467061825F0} = {BED4B370-D247-40F8-AD14-C1D46046633D}
		{57564F50-34DC-477A-A223-8E95486D2EE3} = {BED4B370-D247-40F8-AD14-C1D46046633D}
		{B87FCA67-8F5B-4DE9-8561-A7EAE6DBE153} = {38B489F4-0D7A-4BDA-BE15-70E825EACC18}
		{92288734-3293-4977-8816-6441743E467B} = {38B489F4-0D7A-4BDA-BE15-70E825EACC18}
		{23CA0214-3839-48B9-B3C5-EDCD078E51BB} = {43A05960-9335-45EE-AE02-08DC46405CF4}
		{85559561-11BA-43CF-95D3-A06C6BE9C818} = {43A05960-9335-45EE-AE02-08DC46405CF4}
	EndGlobalSection
	GlobalSection(ExtensibilityGlobals) = postSolution
		SolutionGuid = {2B9A8A41-F3C3-45B3-A2DD-56A95623146A}
	EndGlobalSection
EndGlobal
